
Microsoft Visual Studio Solution File, Format Version 12.00
# Visual Studio Version 17
VisualStudioVersion = 17.8.0.0
MinimumVisualStudioVersion = 17.8.0.0
Project("{9A19103F-16F7-4668-BE54-9A1E7A4F7556}") = "EFCoreSPMultiResultSet.AppHost", "EFCoreSPMultiResultSet.AppHost\EFCoreSPMultiResultSet.AppHost.csproj", "{F4A46436-7877-4B6A-A773-1DB0314F6135}"
EndProject
Project("{9A19103F-16F7-4668-BE54-9A1E7A4F7556}") = "EFCoreSPMultiResultSet.ServiceDefaults", "EFCoreSPMultiResultSet.ServiceDefaults\EFCoreSPMultiResultSet.ServiceDefaults.csproj", "{2BBB7A33-61D2-45D6-AAE8-593479C5D45C}"
EndProject
Project("{FAE04EC0-301F-11D3-BF4B-00C04F79EFBC}") = "EFCoreSPMultiResultSet.WebApi", "EFCoreSPMultiResultSet.WebApi\EFCoreSPMultiResultSet.WebApi.csproj", "{063B6644-908B-4626-A48F-476AAB0C609A}"
EndProject
Global
	GlobalSection(SolutionConfigurationPlatforms) = preSolution
		Debug|Any CPU = Debug|Any CPU
		Debug|x64 = Debug|x64
		Debug|x86 = Debug|x86
		Release|Any CPU = Release|Any CPU
		Release|x64 = Release|x64
		Release|x86 = Release|x86
	EndGlobalSection
	GlobalSection(ProjectConfigurationPlatforms) = postSolution
		{F4A46436-7877-4B6A-A773-1DB0314F6135}.Debug|Any CPU.ActiveCfg = Debug|Any CPU
		{F4A46436-7877-4B6A-A773-1DB0314F6135}.Debug|Any CPU.Build.0 = Debug|Any CPU
		{F4A46436-7877-4B6A-A773-1DB0314F6135}.Debug|x64.ActiveCfg = Debug|Any CPU
		{F4A46436-7877-4B6A-A773-1DB0314F6135}.Debug|x64.Build.0 = Debug|Any CPU
		{F4A46436-7877-4B6A-A773-1DB0314F6135}.Debug|x86.ActiveCfg = Debug|Any CPU
		{F4A46436-7877-4B6A-A773-1DB0314F6135}.Debug|x86.Build.0 = Debug|Any CPU
		{F4A46436-7877-4B6A-A773-1DB0314F6135}.Release|Any CPU.ActiveCfg = Release|Any CPU
		{F4A46436-7877-4B6A-A773-1DB0314F6135}.Release|Any CPU.Build.0 = Release|Any CPU
		{F4A46436-7877-4B6A-A773-1DB0314F6135}.Release|x64.ActiveCfg = Release|Any CPU
		{F4A46436-7877-4B6A-A773-1DB0314F6135}.Release|x64.Build.0 = Release|Any CPU
		{F4A46436-7877-4B6A-A773-1DB0314F6135}.Release|x86.ActiveCfg = Release|Any CPU
		{F4A46436-7877-4B6A-A773-1DB0314F6135}.Release|x86.Build.0 = Release|Any CPU
		{2BBB7A33-61D2-45D6-AAE8-593479C5D45C}.Debug|Any CPU.ActiveCfg = Debug|Any CPU
		{2BBB7A33-61D2-45D6-AAE8-593479C5D45C}.Debug|Any CPU.Build.0 = Debug|Any CPU
		{2BBB7A33-61D2-45D6-AAE8-593479C5D45C}.Debug|x64.ActiveCfg = Debug|Any CPU
		{2BBB7A33-61D2-45D6-AAE8-593479C5D45C}.Debug|x64.Build.0 = Debug|Any CPU
		{2BBB7A33-61D2-45D6-AAE8-593479C5D45C}.Debug|x86.ActiveCfg = Debug|Any CPU
		{2BBB7A33-61D2-45D6-AAE8-593479C5D45C}.Debug|x86.Build.0 = Debug|Any CPU
		{2BBB7A33-61D2-45D6-AAE8-593479C5D45C}.Release|Any CPU.ActiveCfg = Release|Any CPU
		{2BBB7A33-61D2-45D6-AAE8-593479C5D45C}.Release|Any CPU.Build.0 = Release|Any CPU
		{2BBB7A33-61D2-45D6-AAE8-593479C5D45C}.Release|x64.ActiveCfg = Release|Any CPU
		{2BBB7A33-61D2-45D6-AAE8-593479C5D45C}.Release|x64.Build.0 = Release|Any CPU
		{2BBB7A33-61D2-45D6-AAE8-593479C5D45C}.Release|x86.ActiveCfg = Release|Any CPU
		{2BBB7A33-61D2-45D6-AAE8-593479C5D45C}.Release|x86.Build.0 = Release|Any CPU
		{063B6644-908B-4626-A48F-476AAB0C609A}.Debug|Any CPU.ActiveCfg = Debug|Any CPU
		{063B6644-908B-4626-A48F-476AAB0C609A}.Debug|Any CPU.Build.0 = Debug|Any CPU
		{063B6644-908B-4626-A48F-476AAB0C609A}.Debug|x64.ActiveCfg = Debug|Any CPU
		{063B6644-908B-4626-A48F-476AAB0C609A}.Debug|x64.Build.0 = Debug|Any CPU
		{063B6644-908B-4626-A48F-476AAB0C609A}.Debug|x86.ActiveCfg = Debug|Any CPU
		{063B6644-908B-4626-A48F-476AAB0C609A}.Debug|x86.Build.0 = Debug|Any CPU
		{063B6644-908B-4626-A48F-476AAB0C609A}.Release|Any CPU.ActiveCfg = Release|Any CPU
		{063B6644-908B-4626-A48F-476AAB0C609A}.Release|Any CPU.Build.0 = Release|Any CPU
		{063B6644-908B-4626-A48F-476AAB0C609A}.Release|x64.ActiveCfg = Release|Any CPU
		{063B6644-908B-4626-A48F-476AAB0C609A}.Release|x64.Build.0 = Release|Any CPU
		{063B6644-908B-4626-A48F-476AAB0C609A}.Release|x86.ActiveCfg = Release|Any CPU
		{063B6644-908B-4626-A48F-476AAB0C609A}.Release|x86.Build.0 = Release|Any CPU
	EndGlobalSection
	GlobalSection(SolutionProperties) = preSolution
		HideSolutionNode = FALSE
	EndGlobalSection
	GlobalSection(ExtensibilityGlobals) = postSolution
		SolutionGuid = {CC077B1F-82E2-4D54-B0B5-815212ABA097}
	EndGlobalSection
EndGlobal
